
Microsoft Visual Studio Solution File, Format Version 12.00
# Visual Studio Version 17
VisualStudioVersion = 17.13.35931.197 d17.13
MinimumVisualStudioVersion = 10.0.40219.1
Project("{FAE04EC0-301F-11D3-BF4B-00C04F79EFBC}") = "AdvancedAjax", "AdvancedAjax.csproj", "{23E7909C-6CD7-4C40-9F11-7D77E14257AF}"
EndProject
Global
	GlobalSection(SolutionConfigurationPlatforms) = preSolution
		Debug|Any CPU = Debug|Any CPU
		Release|Any CPU = Release|Any CPU
	EndGlobalSection
	GlobalSection(ProjectConfigurationPlatforms) = postSolution
		{23E7909C-6CD7-4C40-9F11-7D77E14257AF}.Debug|Any CPU.ActiveCfg = Debug|Any CPU
		{23E7909C-6CD7-4C40-9F11-7D77E14257AF}.Debug|Any CPU.Build.0 = Debug|Any CPU
		{23E7909C-6CD7-4C40-9F11-7D77E14257AF}.Release|Any CPU.ActiveCfg = Release|Any CPU
		{23E7909C-6CD7-4C40-9F11-7D77E14257AF}.Release|Any CPU.Build.0 = Release|Any CPU
	EndGlobalSection
	GlobalSection(SolutionProperties) = preSolution
		HideSolutionNode = FALSE
	EndGlobalSection
	GlobalSection(ExtensibilityGlobals) = postSolution
		SolutionGuid = {5A700011-617A-48EA-AA0A-384E0555FA4C}
	EndGlobalSection
EndGlobal
